
Microsoft Visual Studio Solution File, Format Version 11.00
# Visual Studio 2010
Project("{FAE04EC0-301F-11D3-BF4B-00C04F79EFBC}") = "Assembly-CSharp", "Assembly-CSharp.csproj", "{f136a389-c5ac-22b4-134a-447f105ed0a4}"
EndProject
Project("{FAE04EC0-301F-11D3-BF4B-00C04F79EFBC}") = "Assembly-CSharp-Editor", "Assembly-CSharp-Editor.csproj", "{1df4661d-a785-f2f8-3364-8206d5e4deb6}"
EndProject
Global
	GlobalSection(SolutionConfigurationPlatforms) = preSolution
		Debug|Any CPU = Debug|Any CPU
	EndGlobalSection
	GlobalSection(ProjectConfigurationPlatforms) = postSolution
		{f136a389-c5ac-22b4-134a-447f105ed0a4}.Debug|Any CPU.ActiveCfg = Debug|Any CPU
		{f136a389-c5ac-22b4-134a-447f105ed0a4}.Debug|Any CPU.Build.0 = Debug|Any CPU
		{1df4661d-a785-f2f8-3364-8206d5e4deb6}.Debug|Any CPU.ActiveCfg = Debug|Any CPU
		{1df4661d-a785-f2f8-3364-8206d5e4deb6}.Debug|Any CPU.Build.0 = Debug|Any CPU
	EndGlobalSection
	GlobalSection(SolutionProperties) = preSolution
		HideSolutionNode = FALSE
	EndGlobalSection
EndGlobal
